
Microsoft Visual Studio Solution File, Format Version 12.00
# Visual Studio 15
VisualStudioVersion = 15.0.28307.271
MinimumVisualStudioVersion = 10.0.40219.1
Project("{FAE04EC0-301F-11D3-BF4B-00C04F79EFBC}") = "InstagramFamous", "InstagramFamous\InstagramFamous.csproj", "{C74ACAE8-0F63-4581-9461-F7297CA6379C}"
EndProject
Global
	GlobalSection(SolutionConfigurationPlatforms) = preSolution
		Debug|Any CPU = Debug|Any CPU
		Release|Any CPU = Release|Any CPU
	EndGlobalSection
	GlobalSection(ProjectConfigurationPlatforms) = postSolution
		{C74ACAE8-0F63-4581-9461-F7297CA6379C}.Debug|Any CPU.ActiveCfg = Debug|Any CPU
		{C74ACAE8-0F63-4581-9461-F7297CA6379C}.Debug|Any CPU.Build.0 = Debug|Any CPU
		{C74ACAE8-0F63-4581-9461-F7297CA6379C}.Release|Any CPU.ActiveCfg = Release|Any CPU
		{C74ACAE8-0F63-4581-9461-F7297CA6379C}.Release|Any CPU.Build.0 = Release|Any CPU
	EndGlobalSection
	GlobalSection(SolutionProperties) = preSolution
		HideSolutionNode = FALSE
	EndGlobalSection
	GlobalSection(ExtensibilityGlobals) = postSolution
		SolutionGuid = {637C7C05-84D0-4E80-B625-0845A07FB63F}
	EndGlobalSection
EndGlobal
